
Microsoft Visual Studio Solution File, Format Version 12.00
# Visual Studio Version 16
VisualStudioVersion = 16.0.31911.196
MinimumVisualStudioVersion = 10.0.40219.1
Project("{FAE04EC0-301F-11D3-BF4B-00C04F79EFBC}") = "CANObserver", "CANObserver.csproj", "{EB23472A-CEB6-4DFF-9305-5E5F052F7D92}"
EndProject
Global
	GlobalSection(SolutionConfigurationPlatforms) = preSolution
		Debug|Any CPU = Debug|Any CPU
		Release|Any CPU = Release|Any CPU
	EndGlobalSection
	GlobalSection(ProjectConfigurationPlatforms) = postSolution
		{EB23472A-CEB6-4DFF-9305-5E5F052F7D92}.Debug|Any CPU.ActiveCfg = Debug|Any CPU
		{EB23472A-CEB6-4DFF-9305-5E5F052F7D92}.Debug|Any CPU.Build.0 = Debug|Any CPU
		{EB23472A-CEB6-4DFF-9305-5E5F052F7D92}.Release|Any CPU.ActiveCfg = Release|Any CPU
		{EB23472A-CEB6-4DFF-9305-5E5F052F7D92}.Release|Any CPU.Build.0 = Release|Any CPU
	EndGlobalSection
	GlobalSection(SolutionProperties) = preSolution
		HideSolutionNode = FALSE
	EndGlobalSection
	GlobalSection(ExtensibilityGlobals) = postSolution
		SolutionGuid = {31CAD2D0-992F-468F-B063-B07DCF15FA83}
	EndGlobalSection
EndGlobal
